// !$*UTF8*$!
{
	archiveVersion = 1;
	classes = {
	};
	objectVersion = 52;
	objects = {

/* Begin PBXBuildFile section */
		4318662725927509006C81D1 /* IslandView.swift in Sources */ = {isa = PBXBuildFile; fileRef = 4318662625927509006C81D1 /* IslandView.swift */; };
		4318662C25929A4E006C81D1 /* Api.swift in Sources */ = {isa = PBXBuildFile; fileRef = 4318662B25929A4E006C81D1 /* Api.swift */; };
		431866372592A10E006C81D1 /* Lottie in Frameworks */ = {isa = PBXBuildFile; productRef = 431866362592A10E006C81D1 /* Lottie */; };
		4318663F2592A14A006C81D1 /* LottieView.swift in Sources */ = {isa = PBXBuildFile; fileRef = 4318663E2592A14A006C81D1 /* LottieView.swift */; };
		431866442592A372006C81D1 /* LoadingView.swift in Sources */ = {isa = PBXBuildFile; fileRef = 431866432592A372006C81D1 /* LoadingView.swift */; };
		431866552592A4D1006C81D1 /* rain.json in Resources */ = {isa = PBXBuildFile; fileRef = 431866532592A4D1006C81D1 /* rain.json */; };
		431866562592A4D1006C81D1 /* sunny.json in Resources */ = {isa = PBXBuildFile; fileRef = 431866542592A4D1006C81D1 /* sunny.json */; };
		4362842C259D4C8D0008CAC1 /* DetailView.swift in Sources */ = {isa = PBXBuildFile; fileRef = 4362842B259D4C8D0008CAC1 /* DetailView.swift */; };
		4362F11525A2796500B3F9A2 /* IslandHeader.swift in Sources */ = {isa = PBXBuildFile; fileRef = 4362F11425A2796500B3F9A2 /* IslandHeader.swift */; };
		4362F11B25A279B400B3F9A2 /* IslandScrollView.swift in Sources */ = {isa = PBXBuildFile; fileRef = 4362F11A25A279B400B3F9A2 /* IslandScrollView.swift */; };
		4362F12425A27DBF00B3F9A2 /* DetailHeader.swift in Sources */ = {isa = PBXBuildFile; fileRef = 4362F12325A27DBF00B3F9A2 /* DetailHeader.swift */; };
		4362F12C25A2802800B3F9A2 /* CurrentTempDetail.swift in Sources */ = {isa = PBXBuildFile; fileRef = 4362F12B25A2802800B3F9A2 /* CurrentTempDetail.swift */; };
		4362F13925A2AF0B00B3F9A2 /* DetailHScroll.swift in Sources */ = {isa = PBXBuildFile; fileRef = 4362F13825A2AF0B00B3F9A2 /* DetailHScroll.swift */; };
		4362F13E25A2B69300B3F9A2 /* WeeklyForecastView.swift in Sources */ = {isa = PBXBuildFile; fileRef = 4362F13D25A2B69300B3F9A2 /* WeeklyForecastView.swift */; };
		4369251325A42DE900165B3E /* SurfView.swift in Sources */ = {isa = PBXBuildFile; fileRef = 4369251225A42DE900165B3E /* SurfView.swift */; };
		4369251B25A4351800165B3E /* DetailMapView.swift in Sources */ = {isa = PBXBuildFile; fileRef = 4369251A25A4351800165B3E /* DetailMapView.swift */; };
		438CB0AC25E833D8000259B8 /* ShowInMapsButton.swift in Sources */ = {isa = PBXBuildFile; fileRef = 438CB0AB25E833D8000259B8 /* ShowInMapsButton.swift */; };
		43960F0825A396620032701F /* BeachSquareView.swift in Sources */ = {isa = PBXBuildFile; fileRef = 43960F0725A396620032701F /* BeachSquareView.swift */; };
		43A3147525899C87001C2462 /* AppDelegate.swift in Sources */ = {isa = PBXBuildFile; fileRef = 43A3147425899C87001C2462 /* AppDelegate.swift */; };
		43A3147725899C87001C2462 /* SceneDelegate.swift in Sources */ = {isa = PBXBuildFile; fileRef = 43A3147625899C87001C2462 /* SceneDelegate.swift */; };
		43A3147925899C87001C2462 /* ContentView.swift in Sources */ = {isa = PBXBuildFile; fileRef = 43A3147825899C87001C2462 /* ContentView.swift */; };
		43A3147B25899C88001C2462 /* Assets.xcassets in Resources */ = {isa = PBXBuildFile; fileRef = 43A3147A25899C88001C2462 /* Assets.xcassets */; };
		43A3147E25899C88001C2462 /* Preview Assets.xcassets in Resources */ = {isa = PBXBuildFile; fileRef = 43A3147D25899C88001C2462 /* Preview Assets.xcassets */; };
		43A3148125899C88001C2462 /* LaunchScreen.storyboard in Resources */ = {isa = PBXBuildFile; fileRef = 43A3147F25899C88001C2462 /* LaunchScreen.storyboard */; };
		43A3148C25899C88001C2462 /* HawaiiRadarTests.swift in Sources */ = {isa = PBXBuildFile; fileRef = 43A3148B25899C88001C2462 /* HawaiiRadarTests.swift */; };
		43A3149725899C88001C2462 /* HawaiiRadarUITests.swift in Sources */ = {isa = PBXBuildFile; fileRef = 43A3149625899C88001C2462 /* HawaiiRadarUITests.swift */; };
		43A314A925899CF3001C2462 /* MapView.swift in Sources */ = {isa = PBXBuildFile; fileRef = 43A314A825899CF3001C2462 /* MapView.swift */; };
		43A6A678259D350A0085127D /* Nunito-Regular.ttf in Resources */ = {isa = PBXBuildFile; fileRef = 43A6A675259D350A0085127D /* Nunito-Regular.ttf */; };
		43A6A679259D350A0085127D /* Nunito-Bold.ttf in Resources */ = {isa = PBXBuildFile; fileRef = 43A6A676259D350A0085127D /* Nunito-Bold.ttf */; };
		43A6A67A259D350A0085127D /* Nunito-Light.ttf in Resources */ = {isa = PBXBuildFile; fileRef = 43A6A677259D350A0085127D /* Nunito-Light.ttf */; };
		43BBAAEE25ACE925005A8E60 /* MapButtonView.swift in Sources */ = {isa = PBXBuildFile; fileRef = 43BBAAED25ACE925005A8E60 /* MapButtonView.swift */; };
		43D5DE2A25B9FB3D00B46624 /* MenuButton.swift in Sources */ = {isa = PBXBuildFile; fileRef = 43D5DE2925B9FB3D00B46624 /* MenuButton.swift */; };
		43D5DE2F25B9FC0900B46624 /* SlideOutMenu.swift in Sources */ = {isa = PBXBuildFile; fileRef = 43D5DE2E25B9FC0900B46624 /* SlideOutMenu.swift */; };
		43D5DE3425BA09B400B46624 /* MapViewContainer.swift in Sources */ = {isa = PBXBuildFile; fileRef = 43D5DE3325BA09B400B46624 /* MapViewContainer.swift */; };
		43D5DE3925BA09E000B46624 /* MapSearchingViewModel.swift in Sources */ = {isa = PBXBuildFile; fileRef = 43D5DE3825BA09E000B46624 /* MapSearchingViewModel.swift */; };
/* End PBXBuildFile section */

/* Begin PBXContainerItemProxy section */
		43A3148825899C88001C2462 /* PBXContainerItemProxy */ = {
			isa = PBXContainerItemProxy;
			containerPortal = 43A3146925899C87001C2462 /* Project object */;
			proxyType = 1;
			remoteGlobalIDString = 43A3147025899C87001C2462;
			remoteInfo = HawaiiRadar;
		};
		43A3149325899C88001C2462 /* PBXContainerItemProxy */ = {
			isa = PBXContainerItemProxy;
			containerPortal = 43A3146925899C87001C2462 /* Project object */;
			proxyType = 1;
			remoteGlobalIDString = 43A3147025899C87001C2462;
			remoteInfo = HawaiiRadar;
		};
/* End PBXContainerItemProxy section */

/* Begin PBXFileReference section */
		4318662625927509006C81D1 /* IslandView.swift */ = {isa = PBXFileReference; lastKnownFileType = sourcecode.swift; path = IslandView.swift; sourceTree = "<group>"; };
		4318662B25929A4E006C81D1 /* Api.swift */ = {isa = PBXFileReference; lastKnownFileType = sourcecode.swift; path = Api.swift; sourceTree = "<group>"; };
		4318663E2592A14A006C81D1 /* LottieView.swift */ = {isa = PBXFileReference; lastKnownFileType = sourcecode.swift; path = LottieView.swift; sourceTree = "<group>"; };
		431866432592A372006C81D1 /* LoadingView.swift */ = {isa = PBXFileReference; lastKnownFileType = sourcecode.swift; path = LoadingView.swift; sourceTree = "<group>"; };
		431866532592A4D1006C81D1 /* rain.json */ = {isa = PBXFileReference; fileEncoding = 4; lastKnownFileType = text.json; path = rain.json; sourceTree = "<group>"; };
		431866542592A4D1006C81D1 /* sunny.json */ = {isa = PBXFileReference; fileEncoding = 4; lastKnownFileType = text.json; path = sunny.json; sourceTree = "<group>"; };
		4362842B259D4C8D0008CAC1 /* DetailView.swift */ = {isa = PBXFileReference; lastKnownFileType = sourcecode.swift; path = DetailView.swift; sourceTree = "<group>"; };
		4362F11425A2796500B3F9A2 /* IslandHeader.swift */ = {isa = PBXFileReference; lastKnownFileType = sourcecode.swift; path = IslandHeader.swift; sourceTree = "<group>"; };
		4362F11A25A279B400B3F9A2 /* IslandScrollView.swift */ = {isa = PBXFileReference; lastKnownFileType = sourcecode.swift; path = IslandScrollView.swift; sourceTree = "<group>"; };
		4362F12325A27DBF00B3F9A2 /* DetailHeader.swift */ = {isa = PBXFileReference; lastKnownFileType = sourcecode.swift; path = DetailHeader.swift; sourceTree = "<group>"; };
		4362F12B25A2802800B3F9A2 /* CurrentTempDetail.swift */ = {isa = PBXFileReference; lastKnownFileType = sourcecode.swift; path = CurrentTempDetail.swift; sourceTree = "<group>"; };
		4362F13825A2AF0B00B3F9A2 /* DetailHScroll.swift */ = {isa = PBXFileReference; lastKnownFileType = sourcecode.swift; path = DetailHScroll.swift; sourceTree = "<group>"; };
		4362F13D25A2B69300B3F9A2 /* WeeklyForecastView.swift */ = {isa = PBXFileReference; lastKnownFileType = sourcecode.swift; path = WeeklyForecastView.swift; sourceTree = "<group>"; };
		4369251225A42DE900165B3E /* SurfView.swift */ = {isa = PBXFileReference; lastKnownFileType = sourcecode.swift; path = SurfView.swift; sourceTree = "<group>"; };
		4369251A25A4351800165B3E /* DetailMapView.swift */ = {isa = PBXFileReference; lastKnownFileType = sourcecode.swift; path = DetailMapView.swift; sourceTree = "<group>"; };
		438CB0AB25E833D8000259B8 /* ShowInMapsButton.swift */ = {isa = PBXFileReference; lastKnownFileType = sourcecode.swift; path = ShowInMapsButton.swift; sourceTree = "<group>"; };
		43960F0725A396620032701F /* BeachSquareView.swift */ = {isa = PBXFileReference; lastKnownFileType = sourcecode.swift; path = BeachSquareView.swift; sourceTree = "<group>"; };
		43A3147125899C87001C2462 /* HawaiiRadar.app */ = {isa = PBXFileReference; explicitFileType = wrapper.application; includeInIndex = 0; path = HawaiiRadar.app; sourceTree = BUILT_PRODUCTS_DIR; };
		43A3147425899C87001C2462 /* AppDelegate.swift */ = {isa = PBXFileReference; lastKnownFileType = sourcecode.swift; path = AppDelegate.swift; sourceTree = "<group>"; };
		43A3147625899C87001C2462 /* SceneDelegate.swift */ = {isa = PBXFileReference; lastKnownFileType = sourcecode.swift; path = SceneDelegate.swift; sourceTree = "<group>"; };
		43A3147825899C87001C2462 /* ContentView.swift */ = {isa = PBXFileReference; lastKnownFileType = sourcecode.swift; path = ContentView.swift; sourceTree = "<group>"; };
		43A3147A25899C88001C2462 /* Assets.xcassets */ = {isa = PBXFileReference; lastKnownFileType = folder.assetcatalog; path = Assets.xcassets; sourceTree = "<group>"; };
		43A3147D25899C88001C2462 /* Preview Assets.xcassets */ = {isa = PBXFileReference; lastKnownFileType = folder.assetcatalog; path = "Preview Assets.xcassets"; sourceTree = "<group>"; };
		43A3148025899C88001C2462 /* Base */ = {isa = PBXFileReference; lastKnownFileType = file.storyboard; name = Base; path = Base.lproj/LaunchScreen.storyboard; sourceTree = "<group>"; };
		43A3148225899C88001C2462 /* Info.plist */ = {isa = PBXFileReference; lastKnownFileType = text.plist.xml; path = Info.plist; sourceTree = "<group>"; };
		43A3148725899C88001C2462 /* HawaiiRadarTests.xctest */ = {isa = PBXFileReference; explicitFileType = wrapper.cfbundle; includeInIndex = 0; path = HawaiiRadarTests.xctest; sourceTree = BUILT_PRODUCTS_DIR; };
		43A3148B25899C88001C2462 /* HawaiiRadarTests.swift */ = {isa = PBXFileReference; lastKnownFileType = sourcecode.swift; path = HawaiiRadarTests.swift; sourceTree = "<group>"; };
		43A3148D25899C88001C2462 /* Info.plist */ = {isa = PBXFileReference; lastKnownFileType = text.plist.xml; path = Info.plist; sourceTree = "<group>"; };
		43A3149225899C88001C2462 /* HawaiiRadarUITests.xctest */ = {isa = PBXFileReference; explicitFileType = wrapper.cfbundle; includeInIndex = 0; path = HawaiiRadarUITests.xctest; sourceTree = BUILT_PRODUCTS_DIR; };
		43A3149625899C88001C2462 /* HawaiiRadarUITests.swift */ = {isa = PBXFileReference; lastKnownFileType = sourcecode.swift; path = HawaiiRadarUITests.swift; sourceTree = "<group>"; };
		43A3149825899C88001C2462 /* Info.plist */ = {isa = PBXFileReference; lastKnownFileType = text.plist.xml; path = Info.plist; sourceTree = "<group>"; };
		43A314A825899CF3001C2462 /* MapView.swift */ = {isa = PBXFileReference; lastKnownFileType = sourcecode.swift; path = MapView.swift; sourceTree = "<group>"; };
		43A6A675259D350A0085127D /* Nunito-Regular.ttf */ = {isa = PBXFileReference; lastKnownFileType = file; path = "Nunito-Regular.ttf"; sourceTree = "<group>"; };
		43A6A676259D350A0085127D /* Nunito-Bold.ttf */ = {isa = PBXFileReference; lastKnownFileType = file; path = "Nunito-Bold.ttf"; sourceTree = "<group>"; };
		43A6A677259D350A0085127D /* Nunito-Light.ttf */ = {isa = PBXFileReference; lastKnownFileType = file; path = "Nunito-Light.ttf"; sourceTree = "<group>"; };
		43BBAAED25ACE925005A8E60 /* MapButtonView.swift */ = {isa = PBXFileReference; lastKnownFileType = sourcecode.swift; path = MapButtonView.swift; sourceTree = "<group>"; };
		43D5DE2925B9FB3D00B46624 /* MenuButton.swift */ = {isa = PBXFileReference; lastKnownFileType = sourcecode.swift; path = MenuButton.swift; sourceTree = "<group>"; };
		43D5DE2E25B9FC0900B46624 /* SlideOutMenu.swift */ = {isa = PBXFileReference; lastKnownFileType = sourcecode.swift; path = SlideOutMenu.swift; sourceTree = "<group>"; };
		43D5DE3325BA09B400B46624 /* MapViewContainer.swift */ = {isa = PBXFileReference; lastKnownFileType = sourcecode.swift; path = MapViewContainer.swift; sourceTree = "<group>"; };
		43D5DE3825BA09E000B46624 /* MapSearchingViewModel.swift */ = {isa = PBXFileReference; lastKnownFileType = sourcecode.swift; path = MapSearchingViewModel.swift; sourceTree = "<group>"; };
/* End PBXFileReference section */

/* Begin PBXFrameworksBuildPhase section */
		43A3146E25899C87001C2462 /* Frameworks */ = {
			isa = PBXFrameworksBuildPhase;
			buildActionMask = 2147483647;
			files = (
				431866372592A10E006C81D1 /* Lottie in Frameworks */,
			);
			runOnlyForDeploymentPostprocessing = 0;
		};
		43A3148425899C88001C2462 /* Frameworks */ = {
			isa = PBXFrameworksBuildPhase;
			buildActionMask = 2147483647;
			files = (
			);
			runOnlyForDeploymentPostprocessing = 0;
		};
		43A3148F25899C88001C2462 /* Frameworks */ = {
			isa = PBXFrameworksBuildPhase;
			buildActionMask = 2147483647;
			files = (
			);
			runOnlyForDeploymentPostprocessing = 0;
		};
/* End PBXFrameworksBuildPhase section */

/* Begin PBXGroup section */
		431866522592A4C6006C81D1 /* Lottie */ = {
			isa = PBXGroup;
			children = (
				431866532592A4D1006C81D1 /* rain.json */,
				431866542592A4D1006C81D1 /* sunny.json */,
			);
			path = Lottie;
			sourceTree = "<group>";
		};
		4362F11925A2797F00B3F9A2 /* Island */ = {
			isa = PBXGroup;
			children = (
				4318662625927509006C81D1 /* IslandView.swift */,
				4362F11425A2796500B3F9A2 /* IslandHeader.swift */,
				4362F11A25A279B400B3F9A2 /* IslandScrollView.swift */,
				43960F0725A396620032701F /* BeachSquareView.swift */,
			);
			path = Island;
			sourceTree = "<group>";
		};
		4362F12225A27DA900B3F9A2 /* Detail */ = {
			isa = PBXGroup;
			children = (
				4362842B259D4C8D0008CAC1 /* DetailView.swift */,
				4362F12325A27DBF00B3F9A2 /* DetailHeader.swift */,
				4362F12B25A2802800B3F9A2 /* CurrentTempDetail.swift */,
				4362F13825A2AF0B00B3F9A2 /* DetailHScroll.swift */,
				4362F13D25A2B69300B3F9A2 /* WeeklyForecastView.swift */,
				4369251225A42DE900165B3E /* SurfView.swift */,
				4369251A25A4351800165B3E /* DetailMapView.swift */,
				438CB0AB25E833D8000259B8 /* ShowInMapsButton.swift */,
			);
			path = Detail;
			sourceTree = "<group>";
		};
		43A3146825899C87001C2462 = {
			isa = PBXGroup;
			children = (
				43A3147325899C87001C2462 /* HawaiiRadar */,
				43A3148A25899C88001C2462 /* HawaiiRadarTests */,
				43A3149525899C88001C2462 /* HawaiiRadarUITests */,
				43A3147225899C87001C2462 /* Products */,
			);
			sourceTree = "<group>";
		};
		43A3147225899C87001C2462 /* Products */ = {
			isa = PBXGroup;
			children = (
				43A3147125899C87001C2462 /* HawaiiRadar.app */,
				43A3148725899C88001C2462 /* HawaiiRadarTests.xctest */,
				43A3149225899C88001C2462 /* HawaiiRadarUITests.xctest */,
			);
			name = Products;
			sourceTree = "<group>";
		};
		43A3147325899C87001C2462 /* HawaiiRadar */ = {
			isa = PBXGroup;
			children = (
				43A6A674259D34E00085127D /* Fonts */,
				431866522592A4C6006C81D1 /* Lottie */,
				43A314A725899CD2001C2462 /* Components */,
				43A3147425899C87001C2462 /* AppDelegate.swift */,
				43A3147625899C87001C2462 /* SceneDelegate.swift */,
				43A3147825899C87001C2462 /* ContentView.swift */,
				43A3147A25899C88001C2462 /* Assets.xcassets */,
				43A3147F25899C88001C2462 /* LaunchScreen.storyboard */,
				43A3148225899C88001C2462 /* Info.plist */,
				43A3147C25899C88001C2462 /* Preview Content */,
			);
			path = HawaiiRadar;
			sourceTree = "<group>";
		};
		43A3147C25899C88001C2462 /* Preview Content */ = {
			isa = PBXGroup;
			children = (
				43A3147D25899C88001C2462 /* Preview Assets.xcassets */,
			);
			path = "Preview Content";
			sourceTree = "<group>";
		};
		43A3148A25899C88001C2462 /* HawaiiRadarTests */ = {
			isa = PBXGroup;
			children = (
				43A3148B25899C88001C2462 /* HawaiiRadarTests.swift */,
				43A3148D25899C88001C2462 /* Info.plist */,
			);
			path = HawaiiRadarTests;
			sourceTree = "<group>";
		};
		43A3149525899C88001C2462 /* HawaiiRadarUITests */ = {
			isa = PBXGroup;
			children = (
				43A3149625899C88001C2462 /* HawaiiRadarUITests.swift */,
				43A3149825899C88001C2462 /* Info.plist */,
			);
			path = HawaiiRadarUITests;
			sourceTree = "<group>";
		};
		43A314A725899CD2001C2462 /* Components */ = {
			isa = PBXGroup;
			children = (
				43D5DE2825B9FB1E00B46624 /* Map */,
				4362F11925A2797F00B3F9A2 /* Island */,
				4362F12225A27DA900B3F9A2 /* Detail */,
				4318662B25929A4E006C81D1 /* Api.swift */,
				4318663E2592A14A006C81D1 /* LottieView.swift */,
				431866432592A372006C81D1 /* LoadingView.swift */,
			);
			path = Components;
			sourceTree = "<group>";
		};
		43A6A674259D34E00085127D /* Fonts */ = {
			isa = PBXGroup;
			children = (
				43A6A676259D350A0085127D /* Nunito-Bold.ttf */,
				43A6A677259D350A0085127D /* Nunito-Light.ttf */,
				43A6A675259D350A0085127D /* Nunito-Regular.ttf */,
			);
			path = Fonts;
			sourceTree = "<group>";
		};
		43D5DE2825B9FB1E00B46624 /* Map */ = {
			isa = PBXGroup;
			children = (
				43A314A825899CF3001C2462 /* MapView.swift */,
				43D5DE3325BA09B400B46624 /* MapViewContainer.swift */,
				43D5DE3825BA09E000B46624 /* MapSearchingViewModel.swift */,
				43D5DE2E25B9FC0900B46624 /* SlideOutMenu.swift */,
				43D5DE2925B9FB3D00B46624 /* MenuButton.swift */,
				43BBAAED25ACE925005A8E60 /* MapButtonView.swift */,
			);
			path = Map;
			sourceTree = "<group>";
		};
/* End PBXGroup section */

/* Begin PBXNativeTarget section */
		43A3147025899C87001C2462 /* HawaiiRadar */ = {
			isa = PBXNativeTarget;
			buildConfigurationList = 43A3149B25899C88001C2462 /* Build configuration list for PBXNativeTarget "HawaiiRadar" */;
			buildPhases = (
				43A3146D25899C87001C2462 /* Sources */,
				43A3146E25899C87001C2462 /* Frameworks */,
				43A3146F25899C87001C2462 /* Resources */,
			);
			buildRules = (
			);
			dependencies = (
			);
			name = HawaiiRadar;
			packageProductDependencies = (
				431866362592A10E006C81D1 /* Lottie */,
			);
			productName = HawaiiRadar;
			productReference = 43A3147125899C87001C2462 /* HawaiiRadar.app */;
			productType = "com.apple.product-type.application";
		};
		43A3148625899C88001C2462 /* HawaiiRadarTests */ = {
			isa = PBXNativeTarget;
			buildConfigurationList = 43A3149E25899C88001C2462 /* Build configuration list for PBXNativeTarget "HawaiiRadarTests" */;
			buildPhases = (
				43A3148325899C88001C2462 /* Sources */,
				43A3148425899C88001C2462 /* Frameworks */,
				43A3148525899C88001C2462 /* Resources */,
			);
			buildRules = (
			);
			dependencies = (
				43A3148925899C88001C2462 /* PBXTargetDependency */,
			);
			name = HawaiiRadarTests;
			productName = HawaiiRadarTests;
			productReference = 43A3148725899C88001C2462 /* HawaiiRadarTests.xctest */;
			productType = "com.apple.product-type.bundle.unit-test";
		};
		43A3149125899C88001C2462 /* HawaiiRadarUITests */ = {
			isa = PBXNativeTarget;
			buildConfigurationList = 43A314A125899C88001C2462 /* Build configuration list for PBXNativeTarget "HawaiiRadarUITests" */;
			buildPhases = (
				43A3148E25899C88001C2462 /* Sources */,
				43A3148F25899C88001C2462 /* Frameworks */,
				43A3149025899C88001C2462 /* Resources */,
			);
			buildRules = (
			);
			dependencies = (
				43A3149425899C88001C2462 /* PBXTargetDependency */,
			);
			name = HawaiiRadarUITests;
			productName = HawaiiRadarUITests;
			productReference = 43A3149225899C88001C2462 /* HawaiiRadarUITests.xctest */;
			productType = "com.apple.product-type.bundle.ui-testing";
		};
/* End PBXNativeTarget section */

/* Begin PBXProject section */
		43A3146925899C87001C2462 /* Project object */ = {
			isa = PBXProject;
			attributes = {
				LastSwiftUpdateCheck = 1220;
				LastUpgradeCheck = 1220;
				TargetAttributes = {
					43A3147025899C87001C2462 = {
						CreatedOnToolsVersion = 12.2;
					};
					43A3148625899C88001C2462 = {
						CreatedOnToolsVersion = 12.2;
						TestTargetID = 43A3147025899C87001C2462;
					};
					43A3149125899C88001C2462 = {
						CreatedOnToolsVersion = 12.2;
						TestTargetID = 43A3147025899C87001C2462;
					};
				};
			};
			buildConfigurationList = 43A3146C25899C87001C2462 /* Build configuration list for PBXProject "HawaiiRadar" */;
			compatibilityVersion = "Xcode 9.3";
			developmentRegion = en;
			hasScannedForEncodings = 0;
			knownRegions = (
				en,
				Base,
			);
			mainGroup = 43A3146825899C87001C2462;
			packageReferences = (
				431866352592A10E006C81D1 /* XCRemoteSwiftPackageReference "lottie-ios" */,
			);
			productRefGroup = 43A3147225899C87001C2462 /* Products */;
			projectDirPath = "";
			projectRoot = "";
			targets = (
				43A3147025899C87001C2462 /* HawaiiRadar */,
				43A3148625899C88001C2462 /* HawaiiRadarTests */,
				43A3149125899C88001C2462 /* HawaiiRadarUITests */,
			);
		};
/* End PBXProject section */

/* Begin PBXResourcesBuildPhase section */
		43A3146F25899C87001C2462 /* Resources */ = {
			isa = PBXResourcesBuildPhase;
			buildActionMask = 2147483647;
			files = (
				43A6A679259D350A0085127D /* Nunito-Bold.ttf in Resources */,
				43A6A678259D350A0085127D /* Nunito-Regular.ttf in Resources */,
				43A3148125899C88001C2462 /* LaunchScreen.storyboard in Resources */,
				43A3147E25899C88001C2462 /* Preview Assets.xcassets in Resources */,
				431866562592A4D1006C81D1 /* sunny.json in Resources */,
				43A3147B25899C88001C2462 /* Assets.xcassets in Resources */,
				43A6A67A259D350A0085127D /* Nunito-Light.ttf in Resources */,
				431866552592A4D1006C81D1 /* rain.json in Resources */,
			);
			runOnlyForDeploymentPostprocessing = 0;
		};
		43A3148525899C88001C2462 /* Resources */ = {
			isa = PBXResourcesBuildPhase;
			buildActionMask = 2147483647;
			files = (
			);
			runOnlyForDeploymentPostprocessing = 0;
		};
		43A3149025899C88001C2462 /* Resources */ = {
			isa = PBXResourcesBuildPhase;
			buildActionMask = 2147483647;
			files = (
			);
			runOnlyForDeploymentPostprocessing = 0;
		};
/* End PBXResourcesBuildPhase section */

/* Begin PBXSourcesBuildPhase section */
		43A3146D25899C87001C2462 /* Sources */ = {
			isa = PBXSourcesBuildPhase;
			buildActionMask = 2147483647;
			files = (
				4369251325A42DE900165B3E /* SurfView.swift in Sources */,
				4318662C25929A4E006C81D1 /* Api.swift in Sources */,
				43BBAAEE25ACE925005A8E60 /* MapButtonView.swift in Sources */,
				4362F12425A27DBF00B3F9A2 /* DetailHeader.swift in Sources */,
				4362F12C25A2802800B3F9A2 /* CurrentTempDetail.swift in Sources */,
				4369251B25A4351800165B3E /* DetailMapView.swift in Sources */,
				438CB0AC25E833D8000259B8 /* ShowInMapsButton.swift in Sources */,
				4362F11525A2796500B3F9A2 /* IslandHeader.swift in Sources */,
				43D5DE3425BA09B400B46624 /* MapViewContainer.swift in Sources */,
				4362842C259D4C8D0008CAC1 /* DetailView.swift in Sources */,
				43A3147525899C87001C2462 /* AppDelegate.swift in Sources */,
				4362F13925A2AF0B00B3F9A2 /* DetailHScroll.swift in Sources */,
				43A314A925899CF3001C2462 /* MapView.swift in Sources */,
				43A3147725899C87001C2462 /* SceneDelegate.swift in Sources */,
				43D5DE2F25B9FC0900B46624 /* SlideOutMenu.swift in Sources */,
				43D5DE3925BA09E000B46624 /* MapSearchingViewModel.swift in Sources */,
				43D5DE2A25B9FB3D00B46624 /* MenuButton.swift in Sources */,
				4362F13E25A2B69300B3F9A2 /* WeeklyForecastView.swift in Sources */,
				4318663F2592A14A006C81D1 /* LottieView.swift in Sources */,
				4362F11B25A279B400B3F9A2 /* IslandScrollView.swift in Sources */,
				431866442592A372006C81D1 /* LoadingView.swift in Sources */,
				43A3147925899C87001C2462 /* ContentView.swift in Sources */,
				4318662725927509006C81D1 /* IslandView.swift in Sources */,
				43960F0825A396620032701F /* BeachSquareView.swift in Sources */,
			);
			runOnlyForDeploymentPostprocessing = 0;
		};
		43A3148325899C88001C2462 /* Sources */ = {
			isa = PBXSourcesBuildPhase;
			buildActionMask = 2147483647;
			files = (
				43A3148C25899C88001C2462 /* HawaiiRadarTests.swift in Sources */,
			);
			runOnlyForDeploymentPostprocessing = 0;
		};
		43A3148E25899C88001C2462 /* Sources */ = {
			isa = PBXSourcesBuildPhase;
			buildActionMask = 2147483647;
			files = (
				43A3149725899C88001C2462 /* HawaiiRadarUITests.swift in Sources */,
			);
			runOnlyForDeploymentPostprocessing = 0;
		};
/* End PBXSourcesBuildPhase section */

/* Begin PBXTargetDependency section */
		43A3148925899C88001C2462 /* PBXTargetDependency */ = {
			isa = PBXTargetDependency;
			target = 43A3147025899C87001C2462 /* HawaiiRadar */;
			targetProxy = 43A3148825899C88001C2462 /* PBXContainerItemProxy */;
		};
		43A3149425899C88001C2462 /* PBXTargetDependency */ = {
			isa = PBXTargetDependency;
			target = 43A3147025899C87001C2462 /* HawaiiRadar */;
			targetProxy = 43A3149325899C88001C2462 /* PBXContainerItemProxy */;
		};
/* End PBXTargetDependency section */

/* Begin PBXVariantGroup section */
		43A3147F25899C88001C2462 /* LaunchScreen.storyboard */ = {
			isa = PBXVariantGroup;
			children = (
				43A3148025899C88001C2462 /* Base */,
			);
			name = LaunchScreen.storyboard;
			sourceTree = "<group>";
		};
/* End PBXVariantGroup section */

/* Begin XCBuildConfiguration section */
		43A3149925899C88001C2462 /* Debug */ = {
			isa = XCBuildConfiguration;
			buildSettings = {
				ALWAYS_SEARCH_USER_PATHS = NO;
				CLANG_ANALYZER_NONNULL = YES;
				CLANG_ANALYZER_NUMBER_OBJECT_CONVERSION = YES_AGGRESSIVE;
				CLANG_CXX_LANGUAGE_STANDARD = "gnu++14";
				CLANG_CXX_LIBRARY = "libc++";
				CLANG_ENABLE_MODULES = YES;
				CLANG_ENABLE_OBJC_ARC = YES;
				CLANG_ENABLE_OBJC_WEAK = YES;
				CLANG_WARN_BLOCK_CAPTURE_AUTORELEASING = YES;
				CLANG_WARN_BOOL_CONVERSION = YES;
				CLANG_WARN_COMMA = YES;
				CLANG_WARN_CONSTANT_CONVERSION = YES;
				CLANG_WARN_DEPRECATED_OBJC_IMPLEMENTATIONS = YES;
				CLANG_WARN_DIRECT_OBJC_ISA_USAGE = YES_ERROR;
				CLANG_WARN_DOCUMENTATION_COMMENTS = YES;
				CLANG_WARN_EMPTY_BODY = YES;
				CLANG_WARN_ENUM_CONVERSION = YES;
				CLANG_WARN_INFINITE_RECURSION = YES;
				CLANG_WARN_INT_CONVERSION = YES;
				CLANG_WARN_NON_LITERAL_NULL_CONVERSION = YES;
				CLANG_WARN_OBJC_IMPLICIT_RETAIN_SELF = YES;
				CLANG_WARN_OBJC_LITERAL_CONVERSION = YES;
				CLANG_WARN_OBJC_ROOT_CLASS = YES_ERROR;
				CLANG_WARN_QUOTED_INCLUDE_IN_FRAMEWORK_HEADER = YES;
				CLANG_WARN_RANGE_LOOP_ANALYSIS = YES;
				CLANG_WARN_STRICT_PROTOTYPES = YES;
				CLANG_WARN_SUSPICIOUS_MOVE = YES;
				CLANG_WARN_UNGUARDED_AVAILABILITY = YES_AGGRESSIVE;
				CLANG_WARN_UNREACHABLE_CODE = YES;
				CLANG_WARN__DUPLICATE_METHOD_MATCH = YES;
				COPY_PHASE_STRIP = NO;
				DEBUG_INFORMATION_FORMAT = dwarf;
				ENABLE_STRICT_OBJC_MSGSEND = YES;
				ENABLE_TESTABILITY = YES;
				GCC_C_LANGUAGE_STANDARD = gnu11;
				GCC_DYNAMIC_NO_PIC = NO;
				GCC_NO_COMMON_BLOCKS = YES;
				GCC_OPTIMIZATION_LEVEL = 0;
				GCC_PREPROCESSOR_DEFINITIONS = (
					"DEBUG=1",
					"$(inherited)",
				);
				GCC_WARN_64_TO_32_BIT_CONVERSION = YES;
				GCC_WARN_ABOUT_RETURN_TYPE = YES_ERROR;
				GCC_WARN_UNDECLARED_SELECTOR = YES;
				GCC_WARN_UNINITIALIZED_AUTOS = YES_AGGRESSIVE;
				GCC_WARN_UNUSED_FUNCTION = YES;
				GCC_WARN_UNUSED_VARIABLE = YES;
				IPHONEOS_DEPLOYMENT_TARGET = 14.2;
				MTL_ENABLE_DEBUG_INFO = INCLUDE_SOURCE;
				MTL_FAST_MATH = YES;
				ONLY_ACTIVE_ARCH = YES;
				SDKROOT = iphoneos;
				SWIFT_ACTIVE_COMPILATION_CONDITIONS = DEBUG;
				SWIFT_OPTIMIZATION_LEVEL = "-Onone";
			};
			name = Debug;
		};
		43A3149A25899C88001C2462 /* Release */ = {
			isa = XCBuildConfiguration;
			buildSettings = {
				ALWAYS_SEARCH_USER_PATHS = NO;
				CLANG_ANALYZER_NONNULL = YES;
				CLANG_ANALYZER_NUMBER_OBJECT_CONVERSION = YES_AGGRESSIVE;
				CLANG_CXX_LANGUAGE_STANDARD = "gnu++14";
				CLANG_CXX_LIBRARY = "libc++";
				CLANG_ENABLE_MODULES = YES;
				CLANG_ENABLE_OBJC_ARC = YES;
				CLANG_ENABLE_OBJC_WEAK = YES;
				CLANG_WARN_BLOCK_CAPTURE_AUTORELEASING = YES;
				CLANG_WARN_BOOL_CONVERSION = YES;
				CLANG_WARN_COMMA = YES;
				CLANG_WARN_CONSTANT_CONVERSION = YES;
				CLANG_WARN_DEPRECATED_OBJC_IMPLEMENTATIONS = YES;
				CLANG_WARN_DIRECT_OBJC_ISA_USAGE = YES_ERROR;
				CLANG_WARN_DOCUMENTATION_COMMENTS = YES;
				CLANG_WARN_EMPTY_BODY = YES;
				CLANG_WARN_ENUM_CONVERSION = YES;
				CLANG_WARN_INFINITE_RECURSION = YES;
				CLANG_WARN_INT_CONVERSION = YES;
				CLANG_WARN_NON_LITERAL_NULL_CONVERSION = YES;
				CLANG_WARN_OBJC_IMPLICIT_RETAIN_SELF = YES;
				CLANG_WARN_OBJC_LITERAL_CONVERSION = YES;
				CLANG_WARN_OBJC_ROOT_CLASS = YES_ERROR;
				CLANG_WARN_QUOTED_INCLUDE_IN_FRAMEWORK_HEADER = YES;
				CLANG_WARN_RANGE_LOOP_ANALYSIS = YES;
				CLANG_WARN_STRICT_PROTOTYPES = YES;
				CLANG_WARN_SUSPICIOUS_MOVE = YES;
				CLANG_WARN_UNGUARDED_AVAILABILITY = YES_AGGRESSIVE;
				CLANG_WARN_UNREACHABLE_CODE = YES;
				CLANG_WARN__DUPLICATE_METHOD_MATCH = YES;
				COPY_PHASE_STRIP = NO;
				DEBUG_INFORMATION_FORMAT = "dwarf-with-dsym";
				ENABLE_NS_ASSERTIONS = NO;
				ENABLE_STRICT_OBJC_MSGSEND = YES;
				GCC_C_LANGUAGE_STANDARD = gnu11;
				GCC_NO_COMMON_BLOCKS = YES;
				GCC_WARN_64_TO_32_BIT_CONVERSION = YES;
				GCC_WARN_ABOUT_RETURN_TYPE = YES_ERROR;
				GCC_WARN_UNDECLARED_SELECTOR = YES;
				GCC_WARN_UNINITIALIZED_AUTOS = YES_AGGRESSIVE;
				GCC_WARN_UNUSED_FUNCTION = YES;
				GCC_WARN_UNUSED_VARIABLE = YES;
				IPHONEOS_DEPLOYMENT_TARGET = 14.2;
				MTL_ENABLE_DEBUG_INFO = NO;
				MTL_FAST_MATH = YES;
				SDKROOT = iphoneos;
				SWIFT_COMPILATION_MODE = wholemodule;
				SWIFT_OPTIMIZATION_LEVEL = "-O";
				VALIDATE_PRODUCT = YES;
			};
			name = Release;
		};
		43A3149C25899C88001C2462 /* Debug */ = {
			isa = XCBuildConfiguration;
			buildSettings = {
				ASSETCATALOG_COMPILER_APPICON_NAME = AppIcon;
				ASSETCATALOG_COMPILER_GLOBAL_ACCENT_COLOR_NAME = AccentColor;
				CODE_SIGN_STYLE = Automatic;
				DEAD_CODE_STRIPPING = NO;
				DEVELOPMENT_ASSET_PATHS = "\"HawaiiRadar/Preview Content\"";
				DEVELOPMENT_TEAM = 977B62V6NR;
				ENABLE_PREVIEWS = YES;
				INFOPLIST_FILE = HawaiiRadar/Info.plist;
				LD_RUNPATH_SEARCH_PATHS = (
					"$(inherited)",
					"@executable_path/Frameworks",
				);
				MARKETING_VERSION = 1.1;
				PRODUCT_BUNDLE_IDENTIFIER = com.odega.hawaiiradar;
				PRODUCT_NAME = "$(TARGET_NAME)";
				SWIFT_VERSION = 5.0;
				TARGETED_DEVICE_FAMILY = "1,2";
			};
			name = Debug;
		};
		43A3149D25899C88001C2462 /* Release */ = {
			isa = XCBuildConfiguration;
			buildSettings = {
				ASSETCATALOG_COMPILER_APPICON_NAME = AppIcon;
				ASSETCATALOG_COMPILER_GLOBAL_ACCENT_COLOR_NAME = AccentColor;
				CODE_SIGN_STYLE = Automatic;
				DEAD_CODE_STRIPPING = NO;
				DEVELOPMENT_ASSET_PATHS = "\"HawaiiRadar/Preview Content\"";
				DEVELOPMENT_TEAM = 977B62V6NR;
				ENABLE_PREVIEWS = YES;
				INFOPLIST_FILE = HawaiiRadar/Info.plist;
				LD_RUNPATH_SEARCH_PATHS = (
					"$(inherited)",
					"@executable_path/Frameworks",
				);
				MARKETING_VERSION = 1.1;
				PRODUCT_BUNDLE_IDENTIFIER = com.odega.hawaiiradar;
				PRODUCT_NAME = "$(TARGET_NAME)";
				SWIFT_VERSION = 5.0;
				TARGETED_DEVICE_FAMILY = "1,2";
			};
			name = Release;
		};
		43A3149F25899C88001C2462 /* Debug */ = {
			isa = XCBuildConfiguration;
			buildSettings = {
				ALWAYS_EMBED_SWIFT_STANDARD_LIBRARIES = YES;
				BUNDLE_LOADER = "$(TEST_HOST)";
				CODE_SIGN_STYLE = Automatic;
				DEVELOPMENT_TEAM = 977B62V6NR;
				INFOPLIST_FILE = HawaiiRadarTests/Info.plist;
				IPHONEOS_DEPLOYMENT_TARGET = 14.2;
				LD_RUNPATH_SEARCH_PATHS = (
					"$(inherited)",
					"@executable_path/Frameworks",
					"@loader_path/Frameworks",
				);
				PRODUCT_BUNDLE_IDENTIFIER = com.odega.HawaiiRadarTests;
				PRODUCT_NAME = "$(TARGET_NAME)";
				SWIFT_VERSION = 5.0;
				TARGETED_DEVICE_FAMILY = "1,2";
				TEST_HOST = "$(BUILT_PRODUCTS_DIR)/HawaiiRadar.app/HawaiiRadar";
			};
			name = Debug;
		};
		43A314A025899C88001C2462 /* Release */ = {
			isa = XCBuildConfiguration;
			buildSettings = {
				ALWAYS_EMBED_SWIFT_STANDARD_LIBRARIES = YES;
				BUNDLE_LOADER = "$(TEST_HOST)";
				CODE_SIGN_STYLE = Automatic;
				DEVELOPMENT_TEAM = 977B62V6NR;
				INFOPLIST_FILE = HawaiiRadarTests/Info.plist;
				IPHONEOS_DEPLOYMENT_TARGET = 14.2;
				LD_RUNPATH_SEARCH_PATHS = (
					"$(inherited)",
					"@executable_path/Frameworks",
					"@loader_path/Frameworks",
				);
				PRODUCT_BUNDLE_IDENTIFIER = com.odega.HawaiiRadarTests;
				PRODUCT_NAME = "$(TARGET_NAME)";
				SWIFT_VERSION = 5.0;
				TARGETED_DEVICE_FAMILY = "1,2";
				TEST_HOST = "$(BUILT_PRODUCTS_DIR)/HawaiiRadar.app/HawaiiRadar";
			};
			name = Release;
		};
		43A314A225899C88001C2462 /* Debug */ = {
			isa = XCBuildConfiguration;
			buildSettings = {
				ALWAYS_EMBED_SWIFT_STANDARD_LIBRARIES = YES;
				CODE_SIGN_STYLE = Automatic;
				DEVELOPMENT_TEAM = 977B62V6NR;
				INFOPLIST_FILE = HawaiiRadarUITests/Info.plist;
				LD_RUNPATH_SEARCH_PATHS = (
					"$(inherited)",
					"@executable_path/Frameworks",
					"@loader_path/Frameworks",
				);
				PRODUCT_BUNDLE_IDENTIFIER = com.odega.HawaiiRadarUITests;
				PRODUCT_NAME = "$(TARGET_NAME)";
				SWIFT_VERSION = 5.0;
				TARGETED_DEVICE_FAMILY = "1,2";
				TEST_TARGET_NAME = HawaiiRadar;
			};
			name = Debug;
		};
		43A314A325899C88001C2462 /* Release */ = {
			isa = XCBuildConfiguration;
			buildSettings = {
				ALWAYS_EMBED_SWIFT_STANDARD_LIBRARIES = YES;
				CODE_SIGN_STYLE = Automatic;
				DEVELOPMENT_TEAM = 977B62V6NR;
				INFOPLIST_FILE = HawaiiRadarUITests/Info.plist;
				LD_RUNPATH_SEARCH_PATHS = (
					"$(inherited)",
					"@executable_path/Frameworks",
					"@loader_path/Frameworks",
				);
				PRODUCT_BUNDLE_IDENTIFIER = com.odega.HawaiiRadarUITests;
				PRODUCT_NAME = "$(TARGET_NAME)";
				SWIFT_VERSION = 5.0;
				TARGETED_DEVICE_FAMILY = "1,2";
				TEST_TARGET_NAME = HawaiiRadar;
			};
			name = Release;
		};
/* End XCBuildConfiguration section */

/* Begin XCConfigurationList section */
		43A3146C25899C87001C2462 /* Build configuration list for PBXProject "HawaiiRadar" */ = {
			isa = XCConfigurationList;
			buildConfigurations = (
				43A3149925899C88001C2462 /* Debug */,
				43A3149A25899C88001C2462 /* Release */,
			);
			defaultConfigurationIsVisible = 0;
			defaultConfigurationName = Release;
		};
		43A3149B25899C88001C2462 /* Build configuration list for PBXNativeTarget "HawaiiRadar" */ = {
			isa = XCConfigurationList;
			buildConfigurations = (
				43A3149C25899C88001C2462 /* Debug */,
				43A3149D25899C88001C2462 /* Release */,
			);
			defaultConfigurationIsVisible = 0;
			defaultConfigurationName = Release;
		};
		43A3149E25899C88001C2462 /* Build configuration list for PBXNativeTarget "HawaiiRadarTests" */ = {
			isa = XCConfigurationList;
			buildConfigurations = (
				43A3149F25899C88001C2462 /* Debug */,
				43A314A025899C88001C2462 /* Release */,
			);
			defaultConfigurationIsVisible = 0;
			defaultConfigurationName = Release;
		};
		43A314A125899C88001C2462 /* Build configuration list for PBXNativeTarget "HawaiiRadarUITests" */ = {
			isa = XCConfigurationList;
			buildConfigurations = (
				43A314A225899C88001C2462 /* Debug */,
				43A314A325899C88001C2462 /* Release */,
			);
			defaultConfigurationIsVisible = 0;
			defaultConfigurationName = Release;
		};
/* End XCConfigurationList section */

/* Begin XCRemoteSwiftPackageReference section */
		431866352592A10E006C81D1 /* XCRemoteSwiftPackageReference "lottie-ios" */ = {
			isa = XCRemoteSwiftPackageReference;
			repositoryURL = "https://github.com/airbnb/lottie-ios";
			requirement = {
				kind = upToNextMajorVersion;
				minimumVersion = 3.1.9;
			};
		};
/* End XCRemoteSwiftPackageReference section */

/* Begin XCSwiftPackageProductDependency section */
		431866362592A10E006C81D1 /* Lottie */ = {
			isa = XCSwiftPackageProductDependency;
			package = 431866352592A10E006C81D1 /* XCRemoteSwiftPackageReference "lottie-ios" */;
			productName = Lottie;
		};
/* End XCSwiftPackageProductDependency section */
	};
	rootObject = 43A3146925899C87001C2462 /* Project object */;
}
